
Microsoft Visual Studio Solution File, Format Version 12.00
# Visual Studio Version 17
VisualStudioVersion = 17.0.31903.59
MinimumVisualStudioVersion = 10.0.40219.1
Project("{9A19103F-16F7-4668-BE54-9A1E7A4F7556}") = "GD.SwitchHandler", "GD.SwitchHandler\GD.SwitchHandler.csproj", "{FFF8B08F-A15D-437B-90BC-D49834CC58A9}"
EndProject
Project("{9A19103F-16F7-4668-BE54-9A1E7A4F7556}") = "GD.SwitchHandler.Unit.Tests", "GD.SwitchHandler.Unit.Tests\GD.SwitchHandler.Unit.Tests.csproj", "{AD505ACC-2349-427A-83F2-CF41A6E72FE8}"
EndProject
Project("{FAE04EC0-301F-11D3-BF4B-00C04F79EFBC}") = "GD.SwitchHandler.Functional.Tests", "GD.SwitchHandler.Functional.Tests\GD.SwitchHandler.Functional.Tests.csproj", "{B404CDA1-D3A6-4771-A89C-BA59DEE0F5E6}"
EndProject
Global
	GlobalSection(SolutionConfigurationPlatforms) = preSolution
		Debug|Any CPU = Debug|Any CPU
		Release|Any CPU = Release|Any CPU
	EndGlobalSection
	GlobalSection(ProjectConfigurationPlatforms) = postSolution
		{FFF8B08F-A15D-437B-90BC-D49834CC58A9}.Debug|Any CPU.ActiveCfg = Debug|Any CPU
		{FFF8B08F-A15D-437B-90BC-D49834CC58A9}.Debug|Any CPU.Build.0 = Debug|Any CPU
		{FFF8B08F-A15D-437B-90BC-D49834CC58A9}.Release|Any CPU.ActiveCfg = Release|Any CPU
		{FFF8B08F-A15D-437B-90BC-D49834CC58A9}.Release|Any CPU.Build.0 = Release|Any CPU
		{AD505ACC-2349-427A-83F2-CF41A6E72FE8}.Debug|Any CPU.ActiveCfg = Debug|Any CPU
		{AD505ACC-2349-427A-83F2-CF41A6E72FE8}.Debug|Any CPU.Build.0 = Debug|Any CPU
		{AD505ACC-2349-427A-83F2-CF41A6E72FE8}.Release|Any CPU.ActiveCfg = Release|Any CPU
		{AD505ACC-2349-427A-83F2-CF41A6E72FE8}.Release|Any CPU.Build.0 = Release|Any CPU
		{B404CDA1-D3A6-4771-A89C-BA59DEE0F5E6}.Debug|Any CPU.ActiveCfg = Debug|Any CPU
		{B404CDA1-D3A6-4771-A89C-BA59DEE0F5E6}.Debug|Any CPU.Build.0 = Debug|Any CPU
		{B404CDA1-D3A6-4771-A89C-BA59DEE0F5E6}.Release|Any CPU.ActiveCfg = Release|Any CPU
		{B404CDA1-D3A6-4771-A89C-BA59DEE0F5E6}.Release|Any CPU.Build.0 = Release|Any CPU
	EndGlobalSection
	GlobalSection(SolutionProperties) = preSolution
		HideSolutionNode = FALSE
	EndGlobalSection
	GlobalSection(ExtensibilityGlobals) = postSolution
		SolutionGuid = {EA602130-5BFB-4D98-9456-FAC9C6E417C9}
	EndGlobalSection
EndGlobal
